{
    "_meta": {
        "hash": {
            "sha256": "f009ac3850bfb02a56c7b651b7c794526c7f900f0a26fa489f077a7145254835"
        },
        "pipfile-spec": 6,
        "requires": {
            "python_version": "3"
        },
        "sources": [
            {
                "name": "pypi",
                "url": "https://pypi.org/simple",
                "verify_ssl": true
            }
        ]
    },
    "default": {
        "joblib": {
            "hashes": [
                "sha256:091138ed78f800342968c523bdde947e7a305b8594b910a0fea2ab83c3c6d385",
                "sha256:e1cee4a79e4af22881164f218d4311f60074197fb707e082e803b61f6d137018"
            ],
            "markers": "python_version >= '3.7'",
            "version": "==1.2.0"
        },
        "numpy": {
            "hashes": [
                "sha256:004f0efcb2fe1c0bd6ae1fcfc69cc8b6bf2407e0f18be308612007a0762b4089",
                "sha256:09f6b7bdffe57fc61d869a22f506049825d707b288039d30f26a0d0d8ea05164",
                "sha256:0ea3f98a0ffce3f8f57675eb9119f3f4edb81888b6874bc1953f91e0b1d4f440",
                "sha256:17c0e467ade9bda685d5ac7f5fa729d8d3e76b23195471adae2d6a6941bd2c18",
                "sha256:1f27b5322ac4067e67c8f9378b41c746d8feac8bdd0e0ffede5324667b8a075c",
                "sha256:22d43376ee0acd547f3149b9ec12eec2f0ca4a6ab2f61753c5b29bb3e795ac4d",
                "sha256:2ad3ec9a748a8943e6eb4358201f7e1c12ede35f510b1a2221b70af4bb64295c",
                "sha256:301c00cf5e60e08e04d842fc47df641d4a181e651c7135c50dc2762ffe293dbd",
                "sha256:39a664e3d26ea854211867d20ebcc8023257c1800ae89773cbba9f9e97bae036",
                "sha256:51bf49c0cd1d52be0a240aa66f3458afc4b95d8993d2d04f0d91fa60c10af6cd",
                "sha256:78a63d2df1d947bd9d1b11d35564c2f9e4b57898aae4626638056ec1a231c40c",
                "sha256:7cd1328e5bdf0dee621912f5833648e2daca72e3839ec1d6695e91089625f0b4",
                "sha256:8355fc10fd33a5a70981a5b8a0de51d10af3688d7a9e4a34fcc8fa0d7467bb7f",
                "sha256:8c79d7cf86d049d0c5089231a5bcd31edb03555bd93d81a16870aa98c6cfb79d",
                "sha256:91b8d6768a75247026e951dce3b2aac79dc7e78622fc148329135ba189813584",
                "sha256:94c15ca4e52671a59219146ff584488907b1f9b3fc232622b47e2cf832e94fb8",
                "sha256:98dcbc02e39b1658dc4b4508442a560fe3ca5ca0d989f0df062534e5ca3a5c1a",
                "sha256:a64403f634e5ffdcd85e0b12c08f04b3080d3e840aef118721021f9b48fc1460",
                "sha256:bc6e8da415f359b578b00bcfb1d08411c96e9a97f9e6c7adada554a0812a6cc6",
                "sha256:bdc9febce3e68b697d931941b263c59e0c74e8f18861f4064c1f712562903411",
                "sha256:c1ba66c48b19cc9c2975c0d354f24058888cdc674bebadceb3cdc9ec403fb5d1",
                "sha256:c9f707b5bb73bf277d812ded9896f9512a43edff72712f31667d0a8c2f8e71ee",
                "sha256:d5422d6a1ea9b15577a9432e26608c73a78faf0b9039437b075cf322c92e98e7",
                "sha256:e5d5420053bbb3dd64c30e58f9363d7a9c27444c3648e61460c1237f9ec3fa14",
                "sha256:e868b0389c5ccfc092031a861d4e158ea164d8b7fdbb10e3b5689b4fc6498df6",
                "sha256:efd9d3abe5774404becdb0748178b48a218f1d8c44e0375475732211ea47c67e",
                "sha256:f8c02ec3c4c4fcb718fdf89a6c6f709b14949408e8cf2a2be5bfa9c49548fd85",
                "sha256:ffcf105ecdd9396e05a8e58e81faaaf34d3f9875f137c7372450baa5d77c9a54"
            ],
            "index": "pypi",
            "version": "==1.23.3"
        },
        "ovito": {
            "hashes": [
                "sha256:047f0cdaa451b5ba5bfc0b595b94ab9149e2b445e04a35ba2316a0c3737eb8f7",
                "sha256:0c95277a6760829c0227ee16585d8216d2560861fb0fa201cd463847860796f6",
                "sha256:1830922bc66ce58dae8875c09c9b7b63883e5d2c5884fe6a6d42b1f953611dcc",
                "sha256:32757c7129a57ad40706e78368e788068af9609b40970235d8f9895b4a4276de",
                "sha256:397bddb63dc03abffd4fa90faf92ba9e58d73b2e1e286c7c8886ed62caaeb27f",
                "sha256:44b2d5947793b1fbe33f2c8f43f480bfb2acb2ede10a8920c2a169c47a31b947",
                "sha256:46b40552dd61036fa96ce2884118cf686e690ec3b089c412408626ca47dcb1d2",
                "sha256:4cf7e46341158df47fdd34244d70e8e3858d977ee12628848d813285c6d6dda5",
                "sha256:6a20e318e08a620615852d9cdf755eb46ef60e5c78141f895ab6b20f8b95b7ed",
                "sha256:84da73d6ffad2516f8218ab03c84cd2ef327980d1f9dcffc36dbd84b7b3dcba5",
                "sha256:b864d4c718a7a64215904313a60a35c0633ae0adfcbc710893c6fccd3330f03d",
                "sha256:d78e569ac2b320992d2702f1d3680450e99b807b0dd750bb767912ccebc3d596",
                "sha256:da24241fd14f4f12625e8a9ec4f4e37d89c91e622ec79b0f92bd03ea33d82c97",
                "sha256:f249359ca2d2ce8a88351ab71a82bc68bbdb3349d52eea0cb7879100df35914d"
            ],
            "index": "pypi",
            "version": "==3.7.9.post9"
        },
        "pandas": {
            "hashes": [
                "sha256:0d8d7433d19bfa33f11c92ad9997f15a902bda4f5ad3a4814a21d2e910894484",
                "sha256:1642fc6138b4e45d57a12c1b464a01a6d868c0148996af23f72dde8d12486bbc",
                "sha256:171cef540bfcec52257077816a4dbbac152acdb8236ba11d3196ae02bf0959d8",
                "sha256:1b82ccc7b093e0a93f8dffd97a542646a3e026817140e2c01266aaef5fdde11b",
                "sha256:1d34b1f43d9e3f4aea056ba251f6e9b143055ebe101ed04c847b41bb0bb4a989",
                "sha256:207d63ac851e60ec57458814613ef4b3b6a5e9f0b33c57623ba2bf8126c311f8",
                "sha256:2504c032f221ef9e4a289f5e46a42b76f5e087ecb67d62e342ccbba95a32a488",
                "sha256:33a9d9e21ab2d91e2ab6e83598419ea6a664efd4c639606b299aae8097c1c94f",
                "sha256:3ee61b881d2f64dd90c356eb4a4a4de75376586cd3c9341c6c0fcaae18d52977",
                "sha256:41aec9f87455306496d4486df07c1b98c15569c714be2dd552a6124cd9fda88f",
                "sha256:4e30a31039574d96f3d683df34ccb50bb435426ad65793e42a613786901f6761",
                "sha256:5cc47f2ebaa20ef96ae72ee082f9e101b3dfbf74f0e62c7a12c0b075a683f03c",
                "sha256:62e61003411382e20d7c2aec1ee8d7c86c8b9cf46290993dd8a0a3be44daeb38",
                "sha256:73844e247a7b7dac2daa9df7339ecf1fcf1dfb8cbfd11e3ffe9819ae6c31c515",
                "sha256:85a516a7f6723ca1528f03f7851fa8d0360d1d6121cf15128b290cf79b8a7f6a",
                "sha256:86d87279ebc5bc20848b4ceb619073490037323f80f515e0ec891c80abad958a",
                "sha256:8a4fc04838615bf0a8d3a03ed68197f358054f0df61f390bcc64fbe39e3d71ec",
                "sha256:8e8e5edf97d8793f51d258c07c629bd49d271d536ce15d66ac00ceda5c150eb3",
                "sha256:947ed9f896ee61adbe61829a7ae1ade493c5a28c66366ec1de85c0642009faac",
                "sha256:a68a9b9754efff364b0c5ee5b0f18e15ca640c01afe605d12ba8b239ca304d6b",
                "sha256:c76f1d104844c5360c21d2ef0e1a8b2ccf8b8ebb40788475e255b9462e32b2be",
                "sha256:c7f38d91f21937fe2bec9449570d7bf36ad7136227ef43b321194ec249e2149d",
                "sha256:de34636e2dc04e8ac2136a8d3c2051fd56ebe9fd6cd185581259330649e73ca9",
                "sha256:e178ce2d7e3b934cf8d01dc2d48d04d67cb0abfaffdcc8aa6271fd5a436f39c8",
                "sha256:e252a9e49b233ff96e2815c67c29702ac3a062098d80a170c506dff3470fd060",
                "sha256:e9c5049333c5bebf993033f4bf807d163e30e8fada06e1da7fa9db86e2392009",
                "sha256:fc987f7717e53d372f586323fff441263204128a1ead053c1b98d7288f836ac9"
            ],
            "index": "pypi",
            "version": "==1.5.0"
        },
        "plotly": {
            "hashes": [
                "sha256:4d36d9859b7a153b273562deeed8c292587a472eb1fd57cd4158ec89d9defadb",
                "sha256:989b13825cc974390aa0169479485d9257d37848a47bc63957251f8e1a7046ba"
            ],
            "index": "pypi",
            "version": "==5.10.0"
        },
        "pydantic": {
            "hashes": [
                "sha256:05e00dbebbe810b33c7a7362f231893183bcc4251f3f2ff991c31d5c08240c42",
                "sha256:06094d18dd5e6f2bbf93efa54991c3240964bb663b87729ac340eb5014310624",
                "sha256:0b959f4d8211fc964772b595ebb25f7652da3f22322c007b6fed26846a40685e",
                "sha256:19b3b9ccf97af2b7519c42032441a891a5e05c68368f40865a90eb88833c2559",
                "sha256:1b6ee725bd6e83ec78b1aa32c5b1fa67a3a65badddde3976bca5fe4568f27709",
                "sha256:1ee433e274268a4b0c8fde7ad9d58ecba12b069a033ecc4645bb6303c062d2e9",
                "sha256:216f3bcbf19c726b1cc22b099dd409aa371f55c08800bcea4c44c8f74b73478d",
                "sha256:2d0567e60eb01bccda3a4df01df677adf6b437958d35c12a3ac3e0f078b0ee52",
                "sha256:2e05aed07fa02231dbf03d0adb1be1d79cabb09025dd45aa094aa8b4e7b9dcda",
                "sha256:352aedb1d71b8b0736c6d56ad2bd34c6982720644b0624462059ab29bd6e5912",
                "sha256:355639d9afc76bcb9b0c3000ddcd08472ae75318a6eb67a15866b87e2efa168c",
                "sha256:37c90345ec7dd2f1bcef82ce49b6235b40f282b94d3eec47e801baf864d15525",
                "sha256:4b8795290deaae348c4eba0cebb196e1c6b98bdbe7f50b2d0d9a4a99716342fe",
                "sha256:5760e164b807a48a8f25f8aa1a6d857e6ce62e7ec83ea5d5c5a802eac81bad41",
                "sha256:6eb843dcc411b6a2237a694f5e1d649fc66c6064d02b204a7e9d194dff81eb4b",
                "sha256:7b5ba54d026c2bd2cb769d3468885f23f43710f651688e91f5fb1edcf0ee9283",
                "sha256:7c2abc4393dea97a4ccbb4ec7d8658d4e22c4765b7b9b9445588f16c71ad9965",
                "sha256:81a7b66c3f499108b448f3f004801fcd7d7165fb4200acb03f1c2402da73ce4c",
                "sha256:91b8e218852ef6007c2b98cd861601c6a09f1aa32bbbb74fab5b1c33d4a1e410",
                "sha256:9300fcbebf85f6339a02c6994b2eb3ff1b9c8c14f502058b5bf349d42447dcf5",
                "sha256:9cabf4a7f05a776e7793e72793cd92cc865ea0e83a819f9ae4ecccb1b8aa6116",
                "sha256:a1f5a63a6dfe19d719b1b6e6106561869d2efaca6167f84f5ab9347887d78b98",
                "sha256:a4c805731c33a8db4b6ace45ce440c4ef5336e712508b4d9e1aafa617dc9907f",
                "sha256:ae544c47bec47a86bc7d350f965d8b15540e27e5aa4f55170ac6a75e5f73b644",
                "sha256:b97890e56a694486f772d36efd2ba31612739bc6f3caeee50e9e7e3ebd2fdd13",
                "sha256:bb6ad4489af1bac6955d38ebcb95079a836af31e4c4f74aba1ca05bb9f6027bd",
                "sha256:bedf309630209e78582ffacda64a21f96f3ed2e51fbf3962d4d488e503420254",
                "sha256:c1ba1afb396148bbc70e9eaa8c06c1716fdddabaf86e7027c5988bae2a829ab6",
                "sha256:c33602f93bfb67779f9c507e4d69451664524389546bacfe1bee13cae6dc7488",
                "sha256:c4aac8e7103bf598373208f6299fa9a5cfd1fc571f2d40bf1dd1955a63d6eeb5",
                "sha256:c6f981882aea41e021f72779ce2a4e87267458cc4d39ea990729e21ef18f0f8c",
                "sha256:cc78cc83110d2f275ec1970e7a831f4e371ee92405332ebfe9860a715f8336e1",
                "sha256:d49f3db871575e0426b12e2f32fdb25e579dea16486a26e5a0474af87cb1ab0a",
                "sha256:dd3f9a40c16daf323cf913593083698caee97df2804aa36c4b3175d5ac1b92a2",
                "sha256:e0bedafe4bc165ad0a56ac0bd7695df25c50f76961da29c050712596cf092d6d",
                "sha256:e9069e1b01525a96e6ff49e25876d90d5a563bc31c658289a8772ae186552236"
            ],
            "index": "pypi",
            "version": "==1.10.2"
        },
        "pyside6-essentials": {
            "hashes": [
                "sha256:67187a9d0f2659c2a4c8c622f3ea82ded737b16d0b7e096a26b2e418f92c5b65",
                "sha256:944648e2bb9e423bd52d695aaaf7ea91d6f4663a71bca3a56fa10f5e7eb720c0",
                "sha256:a5d6528a0e7bcf4c7b892210f5ee34fdf2cb95ecddfafa1eb77509d924bcbbf1"
            ],
            "markers": "python_version < '3.11' and python_version >= '3.6'",
            "version": "==6.3.2"
        },
        "python-dateutil": {
            "hashes": [
                "sha256:0123cacc1627ae19ddf3c27a5de5bd67ee4586fbdd6440d9748f8abb483d3e86",
                "sha256:961d03dc3453ebbc59dbdea9e4e11c5651520a876d0f4db161e8674aae935da9"
            ],
            "markers": "python_version >= '2.7' and python_version not in '3.0, 3.1, 3.2'",
            "version": "==2.8.2"
        },
        "pytz": {
            "hashes": [
                "sha256:220f481bdafa09c3955dfbdddb7b57780e9a94f5127e35456a48589b9e0c0197",
                "sha256:cea221417204f2d1a2aa03ddae3e867921971d0d76f14d87abb4414415bbdcf5"
            ],
            "version": "==2022.2.1"
        },
        "pyyaml": {
            "hashes": [
                "sha256:01b45c0191e6d66c470b6cf1b9531a771a83c1c4208272ead47a3ae4f2f603bf",
                "sha256:0283c35a6a9fbf047493e3a0ce8d79ef5030852c51e9d911a27badfde0605293",
                "sha256:055d937d65826939cb044fc8c9b08889e8c743fdc6a32b33e2390f66013e449b",
                "sha256:07751360502caac1c067a8132d150cf3d61339af5691fe9e87803040dbc5db57",
                "sha256:0b4624f379dab24d3725ffde76559cff63d9ec94e1736b556dacdfebe5ab6d4b",
                "sha256:0ce82d761c532fe4ec3f87fc45688bdd3a4c1dc5e0b4a19814b9009a29baefd4",
                "sha256:1e4747bc279b4f613a09eb64bba2ba602d8a6664c6ce6396a4d0cd413a50ce07",
                "sha256:213c60cd50106436cc818accf5baa1aba61c0189ff610f64f4a3e8c6726218ba",
                "sha256:231710d57adfd809ef5d34183b8ed1eeae3f76459c18fb4a0b373ad56bedcdd9",
                "sha256:277a0ef2981ca40581a47093e9e2d13b3f1fbbeffae064c1d21bfceba2030287",
                "sha256:2cd5df3de48857ed0544b34e2d40e9fac445930039f3cfe4bcc592a1f836d513",
                "sha256:40527857252b61eacd1d9af500c3337ba8deb8fc298940291486c465c8b46ec0",
                "sha256:432557aa2c09802be39460360ddffd48156e30721f5e8d917f01d31694216782",
                "sha256:473f9edb243cb1935ab5a084eb238d842fb8f404ed2193a915d1784b5a6b5fc0",
                "sha256:48c346915c114f5fdb3ead70312bd042a953a8ce5c7106d5bfb1a5254e47da92",
                "sha256:50602afada6d6cbfad699b0c7bb50d5ccffa7e46a3d738092afddc1f9758427f",
                "sha256:68fb519c14306fec9720a2a5b45bc9f0c8d1b9c72adf45c37baedfcd949c35a2",
                "sha256:77f396e6ef4c73fdc33a9157446466f1cff553d979bd00ecb64385760c6babdc",
                "sha256:81957921f441d50af23654aa6c5e5eaf9b06aba7f0a19c18a538dc7ef291c5a1",
                "sha256:819b3830a1543db06c4d4b865e70ded25be52a2e0631ccd2f6a47a2822f2fd7c",
                "sha256:897b80890765f037df3403d22bab41627ca8811ae55e9a722fd0392850ec4d86",
                "sha256:98c4d36e99714e55cfbaaee6dd5badbc9a1ec339ebfc3b1f52e293aee6bb71a4",
                "sha256:9df7ed3b3d2e0ecfe09e14741b857df43adb5a3ddadc919a2d94fbdf78fea53c",
                "sha256:9fa600030013c4de8165339db93d182b9431076eb98eb40ee068700c9c813e34",
                "sha256:a80a78046a72361de73f8f395f1f1e49f956c6be882eed58505a15f3e430962b",
                "sha256:afa17f5bc4d1b10afd4466fd3a44dc0e245382deca5b3c353d8b757f9e3ecb8d",
                "sha256:b3d267842bf12586ba6c734f89d1f5b871df0273157918b0ccefa29deb05c21c",
                "sha256:b5b9eccad747aabaaffbc6064800670f0c297e52c12754eb1d976c57e4f74dcb",
                "sha256:bfaef573a63ba8923503d27530362590ff4f576c626d86a9fed95822a8255fd7",
                "sha256:c5687b8d43cf58545ade1fe3e055f70eac7a5a1a0bf42824308d868289a95737",
                "sha256:cba8c411ef271aa037d7357a2bc8f9ee8b58b9965831d9e51baf703280dc73d3",
                "sha256:d15a181d1ecd0d4270dc32edb46f7cb7733c7c508857278d3d378d14d606db2d",
                "sha256:d4b0ba9512519522b118090257be113b9468d804b19d63c71dbcf4a48fa32358",
                "sha256:d4db7c7aef085872ef65a8fd7d6d09a14ae91f691dec3e87ee5ee0539d516f53",
                "sha256:d4eccecf9adf6fbcc6861a38015c2a64f38b9d94838ac1810a9023a0609e1b78",
                "sha256:d67d839ede4ed1b28a4e8909735fc992a923cdb84e618544973d7dfc71540803",
                "sha256:daf496c58a8c52083df09b80c860005194014c3698698d1a57cbcfa182142a3a",
                "sha256:dbad0e9d368bb989f4515da330b88a057617d16b6a8245084f1b05400f24609f",
                "sha256:e61ceaab6f49fb8bdfaa0f92c4b57bcfbea54c09277b1b4f7ac376bfb7a7c174",
                "sha256:f84fbc98b019fef2ee9a1cb3ce93e3187a6df0b2538a651bfb890254ba9f90b5"
            ],
            "index": "pypi",
            "version": "==6.0"
        },
        "scikit-learn": {
            "hashes": [
                "sha256:1c8fecb7c9984d9ec2ea48898229f98aad681a0873e0935f2b7f724fbce4a047",
                "sha256:2b8db962360c93554cab7bb3c096c4a24695da394dd4b3c3f13409f409b425bc",
                "sha256:2f46c6e3ff1054a5ec701646dcfd61d43b8ecac4d416014daed8843cf4c33d4d",
                "sha256:3e7d1fc817867a350133f937aaebcafbc06192517cbdf0cf7e5774ad4d1adb9f",
                "sha256:407e9a1cb9e6ba458a539986a9bd25546a757088095b3aab91d465b79a760d37",
                "sha256:567417dbbe6a6278399c3e6daf1654414a5a1a4d818d28f251fa7fc28730a1bf",
                "sha256:589d46f28460469f444b898223b13d99db9463e1038dc581ba698111f612264b",
                "sha256:5ec3ea40d467966821843210c02117d82b097b54276fdcfb50f4dfb5c60dbe39",
                "sha256:6c840f662b5d3377c4ccb8be1fc21bb52cb5d8b8790f8d6bf021739f84e543cf",
                "sha256:76800652fb6d6bf527bce36ecc2cc25738b28fe1a17bd294a218fff8e8bd6d50",
                "sha256:7c22d1305b16f08d57751a4ea36071e2215efb4c09cb79183faa4e8e82a3dbf8",
                "sha256:a682ec0f82b6f30fb07486daed1c8001b6683cc66b51877644dfc532bece6a18",
                "sha256:a90ca42fe8242fd6ff56cda2fecc5fca586a88a24ab602d275d2d0dcc0b928fb",
                "sha256:b1e706deca9b2ad87ae27dafd5ac4e8eff01b6db492ed5c12cef4735ec5f21ea",
                "sha256:bbef6ea1c012ff9f3e6f6e9ca006b8772d8383e177b898091e68fbd9b3f840f9",
                "sha256:c33e16e9a165af6012f5be530ccfbb672e2bc5f9b840238a05eb7f6694304e3f",
                "sha256:d6f232779023c3b060b80b5c82e5823723bc424dcac1d1a148aa2492c54d245d",
                "sha256:f94c0146bad51daef919c402a3da8c1c6162619653e1c00c92baa168fda292f2"
            ],
            "index": "pypi",
            "version": "==1.1.2"
        },
        "scipy": {
            "hashes": [
                "sha256:0419485dbcd0ed78c0d5bf234c5dd63e86065b39b4d669e45810d42199d49521",
                "sha256:09412eb7fb60b8f00b328037fd814d25d261066ebc43a1e339cdce4f7502877e",
                "sha256:26d28c468900e6d5fdb37d2812ab46db0ccd22c63baa095057871faa3a498bc9",
                "sha256:34441dfbee5b002f9e15285014fd56e5e3372493c3e64ae297bae2c4b9659f5a",
                "sha256:39ab9240cd215a9349c85ab908dda6d732f7d3b4b192fa05780812495536acc4",
                "sha256:3bc1ab68b9a096f368ba06c3a5e1d1d50957a86665fc929c4332d21355e7e8f4",
                "sha256:3c6f5d1d4b9a5e4fe5e14f26ffc9444fc59473bbf8d45dc4a9a15283b7063a72",
                "sha256:47d1a95bd9d37302afcfe1b84c8011377c4f81e33649c5a5785db9ab827a6ade",
                "sha256:71487c503e036740635f18324f62a11f283a632ace9d35933b2b0a04fd898c98",
                "sha256:7a412c476a91b080e456229e413792bbb5d6202865dae963d1e6e28c2bb58691",
                "sha256:825951b88f56765aeb6e5e38ac9d7d47407cfaaeb008d40aa1b45a2d7ea2731e",
                "sha256:8cc81ac25659fec73599ccc52c989670e5ccd8974cf34bacd7b54a8d809aff1a",
                "sha256:8d3faa40ac16c6357aaf7ea50394ea6f1e8e99d75e927a51102b1943b311b4d9",
                "sha256:90c805f30c46cf60f1e76e947574f02954d25e3bb1e97aa8a07bc53aa31cf7d1",
                "sha256:96d7cf7b25c9f23c59a766385f6370dab0659741699ecc7a451f9b94604938ce",
                "sha256:b97b479f39c7e4aaf807efd0424dec74bbb379108f7d22cf09323086afcd312c",
                "sha256:bc4e2c77d4cd015d739e75e74ebbafed59ba8497a7ed0fd400231ed7683497c4",
                "sha256:c61b4a91a702e8e04aeb0bfc40460e1f17a640977c04dda8757efb0199c75332",
                "sha256:d79da472015d0120ba9b357b28a99146cd6c17b9609403164b1a8ed149b4dfc8",
                "sha256:e8fe305d9d67a81255e06203454729405706907dccbdfcc330b7b3482a6c371d",
                "sha256:eb954f5aca4d26f468bbebcdc5448348eb287f7bea536c6306f62ea062f63d9a",
                "sha256:f7c39f7dbb57cce00c108d06d731f3b0e2a4d3a95c66d96bce697684876ce4d4",
                "sha256:f950a04b33e17b38ff561d5a0951caf3f5b47caa841edd772ffb7959f20a6af0"
            ],
            "markers": "python_version < '3.12' and python_version >= '3.8'",
            "version": "==1.9.1"
        },
        "shiboken6": {
            "hashes": [
                "sha256:4d14b7027885b4ded742d917b4c10d49c314572a5d1bcd33d8445cc6ffe7c183",
                "sha256:b616f4f82ebac5080bc47b2c3f832f2b56dd3ad17e0ba71f985cee48a17ea8c7",
                "sha256:e242361886679cde47c4cb367f2e3124274201ca8bf01049235861d032666320"
            ],
            "markers": "python_version < '3.11' and python_version >= '3.6'",
            "version": "==6.3.2"
        },
        "six": {
            "hashes": [
                "sha256:1e61c37477a1626458e36f7b1d82aa5c9b094fa4802892072e49de9c60c4c926",
                "sha256:8abb2f1d86890a2dfb989f9a77cfcfd3e47c2a354b01111771326f8aa26e0254"
            ],
            "markers": "python_version >= '2.7' and python_version not in '3.0, 3.1, 3.2'",
            "version": "==1.16.0"
        },
        "tenacity": {
            "hashes": [
                "sha256:35525cd47f82830069f0d6b73f7eb83bc5b73ee2fff0437952cedf98b27653ac",
                "sha256:e48c437fdf9340f5666b92cd7990e96bc5fc955e1298baf4a907e3972067a445"
            ],
            "markers": "python_version >= '3.6'",
            "version": "==8.1.0"
        },
        "threadpoolctl": {
            "hashes": [
                "sha256:8b99adda265feb6773280df41eece7b2e6561b772d21ffd52e372f999024907b",
                "sha256:a335baacfaa4400ae1f0d8e3a58d6674d2f8828e3716bb2802c44955ad391380"
            ],
            "markers": "python_version >= '3.6'",
            "version": "==3.1.0"
        },
        "traits": {
            "hashes": [
                "sha256:00272776fc02fe2b5da66698e704dc2836b59a844daf6494fa1974e8f14ff64b",
                "sha256:07055b946891f96f0b202b088eea72034650673099accbd8a16671b61448e896",
                "sha256:07d9f16736426303eb9f96e93f5746e012e38b2688ea7e0443c466e51524b097",
                "sha256:0a39e4226ac49a28fb59637b7c9f22a9af7ed25ffbdf38ac868c817ceee9b7ee",
                "sha256:0d48e2fe385ec7e89f6a9841973791df35c5caa7091f55c51bceaed5729557ab",
                "sha256:0d9e741b6b989f60471bb79a94cb9efe112e7b28b502cc06ed6e55b1bec30c14",
                "sha256:1055f9891727306c455bca60633ab82dd22c34aa34964a78b5bdf2f4c2c2ec61",
                "sha256:1435bdd4b8454cab1cc60180fc2be4f4eb772d6dd97ec8da6ff2e7ffb7c09cdf",
                "sha256:14c18a1176e3d0e97e52430d1c3931fba167609527c68f819ecbc0e8b4796020",
                "sha256:168263405dcf2e6310491f4dceb552b8f40c73666f2d89dfa191913a84fb10b8",
                "sha256:170d9c231991065977bcefabd741cd348e7871c1d2dc1decbdcef52900dfbf6e",
                "sha256:1aed982713e537a1f4d49919fe661e7a004f4e8af50b77d220ff36e565747ba7",
                "sha256:290acc7706d8d4ee53469e41f336d6120f2d8c0bf5b9a152aad1bed71370fbeb",
                "sha256:340600e41be7c3a09234b122c23301941c02b5bb51c00a7ea562c1d52ef46be3",
                "sha256:35b7d373e3a438197c0284f4d5cff60bc1980e75eb1e4a2f6481eef5d4a38468",
                "sha256:368f30c9bbeb65d47df2a9a5c6027634f4c5a28354ff19782af41477f9d7f029",
                "sha256:3d350e608da0c58c9354fdccef8453a3bd95db0265d7db6fad19bd95bb3b479a",
                "sha256:4205e8a7ba89e7d14b3e6f3e1697d6c217bb61418d92dd8543976c58072c54e8",
                "sha256:44f4eaf85a17255eb4601e969e9b8a2f377d6a987eda840a746aaecff3828008",
                "sha256:48001b26d7b2ae27f8eac6dd59fbaca89a60a93068ae1817b6f36fada3ecc0cf",
                "sha256:4a5f82de74443cc6c7b322c6ecabe58692089f80c7e4d76c912958a4d476eab9",
                "sha256:4b1a8a4208199edcdff8e9ab57a8f929d959941990d59390d97722a0164f97be",
                "sha256:4c21479fc99dfe3fea5d4343270c9fcd1153f0c8b1e8c8445a4b116fde60b83e",
                "sha256:5cf658595a645f1c98d2d46ea03c2694de3103203f620be2e7deb6236a431861",
                "sha256:65498364ac7faec35dba5271ba1f7b6886d1511ae1f0a6bcb77910291be5528e",
                "sha256:66cd5245c777429318e92bee22cd344d6f20034e7b7f175cba21c337d7c2cd91",
                "sha256:69cd5eccd564573204341793e30abe28e26c7ccf1accb306b5fcecdaecb8e916",
                "sha256:6b80a73a2c767fd09e869a8c782cb0d6eabfc319ad2523c670632f203017e073",
                "sha256:711c2fa1b3ba7d83bafbd7b57078080568652d9d258f9b1dfc6bbde38689e987",
                "sha256:7655ce43d9a05ac2e39c55be1b543baf687a555319d4ddc18f3309bfdf9a9515",
                "sha256:78bb2ccafd60aff606515aac46de64668a0a81cb5c54c650b9877a841aa9e812",
                "sha256:8059ac0d4a07d6c2fc78c545f65f83705c0c8540a85aabbadd6c3b3702d549eb",
                "sha256:813da317f1e009ac11e5acce7adfa91378a67f4c788946d297d009af793aa217",
                "sha256:81aa5a8372adde8a0e4360328a7f0657bf84b0ac567742adf29a2b35967a3e45",
                "sha256:861863782784ce8452ce65b6217511210440e1351bf22965cf02cb9237f5991b",
                "sha256:8a9ac25ffc27639ca26eb530dd2f1873483c0ffc47dfc7c892f7b7f946e8c23e",
                "sha256:8da59e3cb84361e3d7728be086afcac0a8f31ec0b04793fb1789e382b3cafe5a",
                "sha256:944aca44a2713f7cd2f4d3ea096a91f084bef0e4f23d4f0b8366b50147fc65b3",
                "sha256:9b93acc90781c5fba352122a4ef41815378d3adf25e591f771f0a43e0e4e2b10",
                "sha256:9d6d8e4c1893817208837b92f4180781c762b3c88f3fd8c4ee587fca040a9193",
                "sha256:a6bff83d59755fbf5e9cda6c027a0dab35846eb5973ad95ba159d87471fd9f6c",
                "sha256:a9aaaa9bbb7b601a22057bd53b6709aca5dd97c35688707a1d5c0784b9d775da",
                "sha256:abcc16402c1f2f93e3934c076d10dc6362e8be9db26d73c42a51d8ae8d9458fa",
                "sha256:c0db41846dc052746d35d8f7bad4f1d96558eaf7fd73455b499abd3c5d1e3f10",
                "sha256:c63ea99e7229eeab230f72f4ca1262d172830e55addc326dc8caeb03c14d3c32",
                "sha256:d08e11e0e43259ad143532bbc8f979b9ff96f08ba04db0815637ab9f8f7b1683",
                "sha256:d101bc812867ff8f8921ac1f1b1c4b293066d5cf7c78e08df51041603ef213f6",
                "sha256:d88fe3582061ef2ec2c795fd341f51693715bacab19b09b0f13f5fd028695a8e",
                "sha256:d8bc4aa540c1af6fad50cb4ae1828d840abf67f50137a7a26083ec11c867ffc8",
                "sha256:dd9fc138ce5e63852708890fe80ad344d6b724c625a54bc0870eb2832d682001",
                "sha256:de7ba6c8d5c5bb3460759fd54101b7687be56bb2a949d8ee92d621b93118959b",
                "sha256:e4ae42f18f85d6840dbfec6f2500d7ff0114f12ff1e5c54f48581e0a9d9a8e24",
                "sha256:e64d3b0207bf451002daea0451ae7ae5fc5dd988d74a5efad2822d5fd76f1620",
                "sha256:e714348a238d09c9c92556e9a773b4da1dd7434a41655874d3442f042871fef3",
                "sha256:f366401a8da6a4ddca4686e1e2eb25492d154de93b58c0290b6363899b6ba937",
                "sha256:f6816ba601b69bb874c0942afdced24acde365948cf1c35acf19504ca05f2331",
                "sha256:f7606aa01050e5830fa42d590da506a6c1bbdcbd045ed593882d0453a4d026ce",
                "sha256:fbc30c181430d8522bfe761249e0369d9e12eb392fc6ed64f616e71554e4763e",
                "sha256:ff824c8191f9d1fde175d1dedd429b4a458681a40e1f1e7fa5b01f3602cc71fa"
            ],
            "markers": "python_version >= '3.6'",
            "version": "==6.4.1"
        },
        "typing-extensions": {
            "hashes": [
                "sha256:25642c956049920a5aa49edcdd6ab1e06d7e5d467fc00e0506c44ac86fbfca02",
                "sha256:e6d2677a32f47fc7eb2795db1dd15c1f34eff616bcaf2cfb5e997f854fa1c4a6"
            ],
            "markers": "python_version >= '3.7'",
            "version": "==4.3.0"
        }
    },
    "develop": {}
}
